
Microsoft Visual Studio Solution File, Format Version 12.00
# Visual Studio 15
VisualStudioVersion = 15.0.27004.2002
MinimumVisualStudioVersion = 10.0.40219.1
Project("{FAE04EC0-301F-11D3-BF4B-00C04F79EFBC}") = "SIENN.DbAccess", "SIENN.DbAccess\SIENN.DbAccess.csproj", "{511A3059-5C43-4767-BE20-8781E87BAAD5}"
EndProject
Project("{FAE04EC0-301F-11D3-BF4B-00C04F79EFBC}") = "SIENN.Services", "SIENN.Services\SIENN.Services.csproj", "{1B5848CF-2A71-45B8-9877-6D30B844AE3A}"
EndProject
Project("{FAE04EC0-301F-11D3-BF4B-00C04F79EFBC}") = "SIENN.WebApi", "SIENN.WebApi\SIENN.WebApi.csproj", "{369B5334-A06E-4766-941F-3043B62DC1D6}"
EndProject
Global
	GlobalSection(SolutionConfigurationPlatforms) = preSolution
		Debug|Any CPU = Debug|Any CPU
		Release|Any CPU = Release|Any CPU
	EndGlobalSection
	GlobalSection(ProjectConfigurationPlatforms) = postSolution
		{511A3059-5C43-4767-BE20-8781E87BAAD5}.Debug|Any CPU.ActiveCfg = Debug|Any CPU
		{511A3059-5C43-4767-BE20-8781E87BAAD5}.Debug|Any CPU.Build.0 = Debug|Any CPU
		{511A3059-5C43-4767-BE20-8781E87BAAD5}.Release|Any CPU.ActiveCfg = Release|Any CPU
		{511A3059-5C43-4767-BE20-8781E87BAAD5}.Release|Any CPU.Build.0 = Release|Any CPU
		{1B5848CF-2A71-45B8-9877-6D30B844AE3A}.Debug|Any CPU.ActiveCfg = Debug|Any CPU
		{1B5848CF-2A71-45B8-9877-6D30B844AE3A}.Debug|Any CPU.Build.0 = Debug|Any CPU
		{1B5848CF-2A71-45B8-9877-6D30B844AE3A}.Release|Any CPU.ActiveCfg = Release|Any CPU
		{1B5848CF-2A71-45B8-9877-6D30B844AE3A}.Release|Any CPU.Build.0 = Release|Any CPU
		{369B5334-A06E-4766-941F-3043B62DC1D6}.Debug|Any CPU.ActiveCfg = Debug|Any CPU
		{369B5334-A06E-4766-941F-3043B62DC1D6}.Debug|Any CPU.Build.0 = Debug|Any CPU
		{369B5334-A06E-4766-941F-3043B62DC1D6}.Release|Any CPU.ActiveCfg = Release|Any CPU
		{369B5334-A06E-4766-941F-3043B62DC1D6}.Release|Any CPU.Build.0 = Release|Any CPU
	EndGlobalSection
	GlobalSection(SolutionProperties) = preSolution
		HideSolutionNode = FALSE
	EndGlobalSection
	GlobalSection(ExtensibilityGlobals) = postSolution
		SolutionGuid = {41A06EE6-FEA5-4251-AF27-AEC326869C0D}
	EndGlobalSection
EndGlobal
